
Microsoft Visual Studio Solution File, Format Version 12.00
# Visual Studio 15
VisualStudioVersion = 15.0.27130.2024
MinimumVisualStudioVersion = 10.0.40219.1
Project("{535C04D7-A2A5-47C7-83E0-B340A995CD1F}") = "assignment1", "assignment1\assignment1.cblproj", "{A50DDB3E-4F18-4AEA-8EA8-9CF4678FDCD8}"
EndProject
Project("{535C04D7-A2A5-47C7-83E0-B340A995CD1F}") = "assignment 3", "assignment 3\assignment 3.cblproj", "{9197F971-BBC8-4A51-828D-1F6AC1647B99}"
EndProject
Project("{535C04D7-A2A5-47C7-83E0-B340A995CD1F}") = "assignment4", "assignment4\assignment4.cblproj", "{79DE4904-04EC-4FD4-BCC0-28FD320C88FD}"
EndProject
Project("{535C04D7-A2A5-47C7-83E0-B340A995CD1F}") = "assignment5", "assignment5\assignment5\assignment5.cblproj", "{9320E36B-21DB-4DEF-85A4-72AD0F4A7004}"
EndProject
Project("{535C04D7-A2A5-47C7-83E0-B340A995CD1F}") = "assignment2", "assignment2\assignment2\assignment2.cblproj", "{C6B991BF-B7D7-4CD1-9BD1-3CD595E910E6}"
EndProject
Project("{535C04D7-A2A5-47C7-83E0-B340A995CD1F}") = "assignment6", "assignment6\assignment6.cblproj", "{777C8574-B3D8-43A1-9E8C-A060508B50DA}"
EndProject
Project("{535C04D7-A2A5-47C7-83E0-B340A995CD1F}") = "assignment7", "assignment7\assignment7.cblproj", "{487AB062-CDA3-4B40-8139-E21A7F00F4D4}"
EndProject
Project("{535C04D7-A2A5-47C7-83E0-B340A995CD1F}") = "assignment8", "assignment8\assignment8.cblproj", "{C2FCE0EA-0E5D-42C1-A351-88EB6BB2BF11}"
EndProject
Project("{535C04D7-A2A5-47C7-83E0-B340A995CD1F}") = "assignment9 PART 1", "assignment9\assignment9 PART 1.cblproj", "{D4F6B813-4715-409A-AC0E-E341443EDBF2}"
EndProject
Project("{535C04D7-A2A5-47C7-83E0-B340A995CD1F}") = "assignment9 PART 2", "assignment9 PART 2\assignment9 PART 2.cblproj", "{AB31C2AB-A0CA-4049-9E3B-4D07D78B035C}"
EndProject
Project("{535C04D7-A2A5-47C7-83E0-B340A995CD1F}") = "assignment10", "assignment10\assignment10.cblproj", "{5A4CFD35-3882-48AD-ACFE-247C46F9AD0A}"
EndProject
Project("{535C04D7-A2A5-47C7-83E0-B340A995CD1F}") = "assignment11", "assignment11\assignment11.cblproj", "{0F03AEC5-C474-42C5-AD65-1E10A9850C14}"
EndProject
Project("{535C04D7-A2A5-47C7-83E0-B340A995CD1F}") = "assignement12", "assignement12\assignement12.cblproj", "{D0DBD5FD-19DE-4A4C-869C-4AA746FB39AD}"
EndProject
Project("{535C04D7-A2A5-47C7-83E0-B340A995CD1F}") = "assignement13", "assignement13\assignement13.cblproj", "{957290E5-ABD4-405D-BA57-8546EEEFEB89}"
EndProject
Global
	GlobalSection(SolutionConfigurationPlatforms) = preSolution
		Debug|Any CPU = Debug|Any CPU
		Release|Any CPU = Release|Any CPU
	EndGlobalSection
	GlobalSection(ProjectConfigurationPlatforms) = postSolution
		{A50DDB3E-4F18-4AEA-8EA8-9CF4678FDCD8}.Debug|Any CPU.ActiveCfg = Debug|Any CPU
		{A50DDB3E-4F18-4AEA-8EA8-9CF4678FDCD8}.Debug|Any CPU.Build.0 = Debug|Any CPU
		{A50DDB3E-4F18-4AEA-8EA8-9CF4678FDCD8}.Release|Any CPU.ActiveCfg = Release|Any CPU
		{A50DDB3E-4F18-4AEA-8EA8-9CF4678FDCD8}.Release|Any CPU.Build.0 = Release|Any CPU
		{9197F971-BBC8-4A51-828D-1F6AC1647B99}.Debug|Any CPU.ActiveCfg = Debug|Any CPU
		{9197F971-BBC8-4A51-828D-1F6AC1647B99}.Debug|Any CPU.Build.0 = Debug|Any CPU
		{9197F971-BBC8-4A51-828D-1F6AC1647B99}.Release|Any CPU.ActiveCfg = Release|Any CPU
		{9197F971-BBC8-4A51-828D-1F6AC1647B99}.Release|Any CPU.Build.0 = Release|Any CPU
		{79DE4904-04EC-4FD4-BCC0-28FD320C88FD}.Debug|Any CPU.ActiveCfg = Debug|Any CPU
		{79DE4904-04EC-4FD4-BCC0-28FD320C88FD}.Debug|Any CPU.Build.0 = Debug|Any CPU
		{79DE4904-04EC-4FD4-BCC0-28FD320C88FD}.Release|Any CPU.ActiveCfg = Release|Any CPU
		{79DE4904-04EC-4FD4-BCC0-28FD320C88FD}.Release|Any CPU.Build.0 = Release|Any CPU
		{9320E36B-21DB-4DEF-85A4-72AD0F4A7004}.Debug|Any CPU.ActiveCfg = Debug|Any CPU
		{9320E36B-21DB-4DEF-85A4-72AD0F4A7004}.Debug|Any CPU.Build.0 = Debug|Any CPU
		{9320E36B-21DB-4DEF-85A4-72AD0F4A7004}.Release|Any CPU.ActiveCfg = Release|Any CPU
		{9320E36B-21DB-4DEF-85A4-72AD0F4A7004}.Release|Any CPU.Build.0 = Release|Any CPU
		{C6B991BF-B7D7-4CD1-9BD1-3CD595E910E6}.Debug|Any CPU.ActiveCfg = Debug|Any CPU
		{C6B991BF-B7D7-4CD1-9BD1-3CD595E910E6}.Debug|Any CPU.Build.0 = Debug|Any CPU
		{C6B991BF-B7D7-4CD1-9BD1-3CD595E910E6}.Release|Any CPU.ActiveCfg = Release|Any CPU
		{C6B991BF-B7D7-4CD1-9BD1-3CD595E910E6}.Release|Any CPU.Build.0 = Release|Any CPU
		{777C8574-B3D8-43A1-9E8C-A060508B50DA}.Debug|Any CPU.ActiveCfg = Debug|Any CPU
		{777C8574-B3D8-43A1-9E8C-A060508B50DA}.Debug|Any CPU.Build.0 = Debug|Any CPU
		{777C8574-B3D8-43A1-9E8C-A060508B50DA}.Release|Any CPU.ActiveCfg = Release|Any CPU
		{777C8574-B3D8-43A1-9E8C-A060508B50DA}.Release|Any CPU.Build.0 = Release|Any CPU
		{487AB062-CDA3-4B40-8139-E21A7F00F4D4}.Debug|Any CPU.ActiveCfg = Debug|Any CPU
		{487AB062-CDA3-4B40-8139-E21A7F00F4D4}.Debug|Any CPU.Build.0 = Debug|Any CPU
		{487AB062-CDA3-4B40-8139-E21A7F00F4D4}.Release|Any CPU.ActiveCfg = Release|Any CPU
		{487AB062-CDA3-4B40-8139-E21A7F00F4D4}.Release|Any CPU.Build.0 = Release|Any CPU
		{C2FCE0EA-0E5D-42C1-A351-88EB6BB2BF11}.Debug|Any CPU.ActiveCfg = Debug|Any CPU
		{C2FCE0EA-0E5D-42C1-A351-88EB6BB2BF11}.Debug|Any CPU.Build.0 = Debug|Any CPU
		{C2FCE0EA-0E5D-42C1-A351-88EB6BB2BF11}.Release|Any CPU.ActiveCfg = Release|Any CPU
		{C2FCE0EA-0E5D-42C1-A351-88EB6BB2BF11}.Release|Any CPU.Build.0 = Release|Any CPU
		{D4F6B813-4715-409A-AC0E-E341443EDBF2}.Debug|Any CPU.ActiveCfg = Debug|Any CPU
		{D4F6B813-4715-409A-AC0E-E341443EDBF2}.Debug|Any CPU.Build.0 = Debug|Any CPU
		{D4F6B813-4715-409A-AC0E-E341443EDBF2}.Release|Any CPU.ActiveCfg = Release|Any CPU
		{D4F6B813-4715-409A-AC0E-E341443EDBF2}.Release|Any CPU.Build.0 = Release|Any CPU
		{AB31C2AB-A0CA-4049-9E3B-4D07D78B035C}.Debug|Any CPU.ActiveCfg = Debug|Any CPU
		{AB31C2AB-A0CA-4049-9E3B-4D07D78B035C}.Debug|Any CPU.Build.0 = Debug|Any CPU
		{AB31C2AB-A0CA-4049-9E3B-4D07D78B035C}.Release|Any CPU.ActiveCfg = Release|Any CPU
		{AB31C2AB-A0CA-4049-9E3B-4D07D78B035C}.Release|Any CPU.Build.0 = Release|Any CPU
		{5A4CFD35-3882-48AD-ACFE-247C46F9AD0A}.Debug|Any CPU.ActiveCfg = Debug|Any CPU
		{5A4CFD35-3882-48AD-ACFE-247C46F9AD0A}.Debug|Any CPU.Build.0 = Debug|Any CPU
		{5A4CFD35-3882-48AD-ACFE-247C46F9AD0A}.Release|Any CPU.ActiveCfg = Release|Any CPU
		{5A4CFD35-3882-48AD-ACFE-247C46F9AD0A}.Release|Any CPU.Build.0 = Release|Any CPU
		{0F03AEC5-C474-42C5-AD65-1E10A9850C14}.Debug|Any CPU.ActiveCfg = Debug|Any CPU
		{0F03AEC5-C474-42C5-AD65-1E10A9850C14}.Debug|Any CPU.Build.0 = Debug|Any CPU
		{0F03AEC5-C474-42C5-AD65-1E10A9850C14}.Release|Any CPU.ActiveCfg = Release|Any CPU
		{0F03AEC5-C474-42C5-AD65-1E10A9850C14}.Release|Any CPU.Build.0 = Release|Any CPU
		{D0DBD5FD-19DE-4A4C-869C-4AA746FB39AD}.Debug|Any CPU.ActiveCfg = Debug|Any CPU
		{D0DBD5FD-19DE-4A4C-869C-4AA746FB39AD}.Debug|Any CPU.Build.0 = Debug|Any CPU
		{D0DBD5FD-19DE-4A4C-869C-4AA746FB39AD}.Release|Any CPU.ActiveCfg = Release|Any CPU
		{D0DBD5FD-19DE-4A4C-869C-4AA746FB39AD}.Release|Any CPU.Build.0 = Release|Any CPU
		{957290E5-ABD4-405D-BA57-8546EEEFEB89}.Debug|Any CPU.ActiveCfg = Debug|Any CPU
		{957290E5-ABD4-405D-BA57-8546EEEFEB89}.Debug|Any CPU.Build.0 = Debug|Any CPU
		{957290E5-ABD4-405D-BA57-8546EEEFEB89}.Release|Any CPU.ActiveCfg = Release|Any CPU
		{957290E5-ABD4-405D-BA57-8546EEEFEB89}.Release|Any CPU.Build.0 = Release|Any CPU
	EndGlobalSection
	GlobalSection(SolutionProperties) = preSolution
		HideSolutionNode = FALSE
	EndGlobalSection
	GlobalSection(ExtensibilityGlobals) = postSolution
		SolutionGuid = {89DEBBB4-4439-4DFB-918D-3375451DB635}
	EndGlobalSection
EndGlobal
