
Microsoft Visual Studio Solution File, Format Version 12.00
# Visual Studio 15
VisualStudioVersion = 15.0.27130.2024
MinimumVisualStudioVersion = 10.0.40219.1
Project("{535C04D7-A2A5-47C7-83E0-B340A995CD1F}") = "assignment5", "assignment5\assignment5.cblproj", "{9320E36B-21DB-4DEF-85A4-72AD0F4A7004}"
EndProject
Global
	GlobalSection(SolutionConfigurationPlatforms) = preSolution
		Debug|Any CPU = Debug|Any CPU
		Release|Any CPU = Release|Any CPU
	EndGlobalSection
	GlobalSection(ProjectConfigurationPlatforms) = postSolution
		{9320E36B-21DB-4DEF-85A4-72AD0F4A7004}.Debug|Any CPU.ActiveCfg = Debug|Any CPU
		{9320E36B-21DB-4DEF-85A4-72AD0F4A7004}.Debug|Any CPU.Build.0 = Debug|Any CPU
		{9320E36B-21DB-4DEF-85A4-72AD0F4A7004}.Release|Any CPU.ActiveCfg = Release|Any CPU
		{9320E36B-21DB-4DEF-85A4-72AD0F4A7004}.Release|Any CPU.Build.0 = Release|Any CPU
	EndGlobalSection
	GlobalSection(SolutionProperties) = preSolution
		HideSolutionNode = FALSE
	EndGlobalSection
	GlobalSection(ExtensibilityGlobals) = postSolution
		SolutionGuid = {764B0716-D478-4A5C-A719-9F0BC7860198}
	EndGlobalSection
EndGlobal
